
Microsoft Visual Studio Solution File, Format Version 12.00
# Visual Studio Version 17
VisualStudioVersion = 17.2.32505.173
MinimumVisualStudioVersion = 10.0.40219.1
Project("{FAE04EC0-301F-11D3-BF4B-00C04F79EFBC}") = "RatingPage", "RatingPage\RatingPage.csproj", "{CFA239F3-8654-4B25-A2B2-D9F582AE1BBC}"
EndProject
Global
	GlobalSection(SolutionConfigurationPlatforms) = preSolution
		Debug|Any CPU = Debug|Any CPU
		Release|Any CPU = Release|Any CPU
	EndGlobalSection
	GlobalSection(ProjectConfigurationPlatforms) = postSolution
		{CFA239F3-8654-4B25-A2B2-D9F582AE1BBC}.Debug|Any CPU.ActiveCfg = Debug|Any CPU
		{CFA239F3-8654-4B25-A2B2-D9F582AE1BBC}.Debug|Any CPU.Build.0 = Debug|Any CPU
		{CFA239F3-8654-4B25-A2B2-D9F582AE1BBC}.Release|Any CPU.ActiveCfg = Release|Any CPU
		{CFA239F3-8654-4B25-A2B2-D9F582AE1BBC}.Release|Any CPU.Build.0 = Release|Any CPU
	EndGlobalSection
	GlobalSection(SolutionProperties) = preSolution
		HideSolutionNode = FALSE
	EndGlobalSection
	GlobalSection(ExtensibilityGlobals) = postSolution
		SolutionGuid = {75EA55D6-CB67-43BD-A599-F1A4F06F4ECC}
	EndGlobalSection
EndGlobal
